
Microsoft Visual Studio Solution File, Format Version 12.00
# Visual Studio Version 17
VisualStudioVersion = 17.1.32210.238
MinimumVisualStudioVersion = 10.0.40219.1
Project("{9A19103F-16F7-4668-BE54-9A1E7A4F7556}") = "DependencyInjection", "DependencyInjection\DependencyInjection.csproj", "{DF38BB18-6193-4E56-8CEA-1392B25A9930}"
EndProject
Project("{2150E333-8FDC-42A3-9474-1A3956D46DE8}") = "Solution Items", "Solution Items", "{2854B945-747C-463B-8B3D-9678555F7EAA}"
	ProjectSection(SolutionItems) = preProject
		Directory.Build.props = Directory.Build.props
		Directory.Build.targets = Directory.Build.targets
	EndProjectSection
EndProject
Project("{9A19103F-16F7-4668-BE54-9A1E7A4F7556}") = "DependencyInjection.CodeAnalysis", "DependencyInjection.CodeAnalysis\DependencyInjection.CodeAnalysis.csproj", "{F6E7FCD9-3BE7-4C59-BF9B-B7DBE58C679A}"
EndProject
Project("{9A19103F-16F7-4668-BE54-9A1E7A4F7556}") = "DependencyInjection.Tests", "DependencyInjection.Tests\DependencyInjection.Tests.csproj", "{9AF20CA8-6114-4BD7-BAEE-2657BAA12348}"
EndProject
Project("{9A19103F-16F7-4668-BE54-9A1E7A4F7556}") = "DependencyInjection.DivergingRootNamespace.Tests", "DependencyInjection.DivergingRootNamespace.Tests\DependencyInjection.DivergingRootNamespace.Tests.csproj", "{2B58E992-F363-46A8-B4AE-3219FE89A582}"
EndProject
Project("{9A19103F-16F7-4668-BE54-9A1E7A4F7556}") = "DependencyInjection.TestAssembly", "DependencyInjection.TestAssembly\DependencyInjection.TestAssembly.csproj", "{338835D7-5564-4FAD-A4BF-CE92677B4B63}"
EndProject
Project("{9A19103F-16F7-4668-BE54-9A1E7A4F7556}") = "DependencyInjection.TestAssembly.Child1", "DependencyInjection.TestAssembly.Child1\DependencyInjection.TestAssembly.Child1.csproj", "{78FD9281-6DE0-462A-B3FE-9BCD08526839}"
EndProject
Project("{9A19103F-16F7-4668-BE54-9A1E7A4F7556}") = "DependencyInjection.CodeAnalysis.Tests", "DependencyInjection.CodeAnalysis.Tests\DependencyInjection.CodeAnalysis.Tests.csproj", "{9A583300-F622-4FEC-AF24-170E1522C0B6}"
EndProject
Global
	GlobalSection(SolutionConfigurationPlatforms) = preSolution
		Debug|Any CPU = Debug|Any CPU
		Release|Any CPU = Release|Any CPU
	EndGlobalSection
	GlobalSection(ProjectConfigurationPlatforms) = postSolution
		{DF38BB18-6193-4E56-8CEA-1392B25A9930}.Debug|Any CPU.ActiveCfg = Debug|Any CPU
		{DF38BB18-6193-4E56-8CEA-1392B25A9930}.Debug|Any CPU.Build.0 = Debug|Any CPU
		{DF38BB18-6193-4E56-8CEA-1392B25A9930}.Release|Any CPU.ActiveCfg = Release|Any CPU
		{DF38BB18-6193-4E56-8CEA-1392B25A9930}.Release|Any CPU.Build.0 = Release|Any CPU
		{F6E7FCD9-3BE7-4C59-BF9B-B7DBE58C679A}.Debug|Any CPU.ActiveCfg = Debug|Any CPU
		{F6E7FCD9-3BE7-4C59-BF9B-B7DBE58C679A}.Debug|Any CPU.Build.0 = Debug|Any CPU
		{F6E7FCD9-3BE7-4C59-BF9B-B7DBE58C679A}.Release|Any CPU.ActiveCfg = Release|Any CPU
		{F6E7FCD9-3BE7-4C59-BF9B-B7DBE58C679A}.Release|Any CPU.Build.0 = Release|Any CPU
		{9AF20CA8-6114-4BD7-BAEE-2657BAA12348}.Debug|Any CPU.ActiveCfg = Debug|Any CPU
		{9AF20CA8-6114-4BD7-BAEE-2657BAA12348}.Debug|Any CPU.Build.0 = Debug|Any CPU
		{9AF20CA8-6114-4BD7-BAEE-2657BAA12348}.Release|Any CPU.ActiveCfg = Release|Any CPU
		{9AF20CA8-6114-4BD7-BAEE-2657BAA12348}.Release|Any CPU.Build.0 = Release|Any CPU
		{2B58E992-F363-46A8-B4AE-3219FE89A582}.Debug|Any CPU.ActiveCfg = Debug|Any CPU
		{2B58E992-F363-46A8-B4AE-3219FE89A582}.Debug|Any CPU.Build.0 = Debug|Any CPU
		{2B58E992-F363-46A8-B4AE-3219FE89A582}.Release|Any CPU.ActiveCfg = Release|Any CPU
		{2B58E992-F363-46A8-B4AE-3219FE89A582}.Release|Any CPU.Build.0 = Release|Any CPU
		{338835D7-5564-4FAD-A4BF-CE92677B4B63}.Debug|Any CPU.ActiveCfg = Debug|Any CPU
		{338835D7-5564-4FAD-A4BF-CE92677B4B63}.Debug|Any CPU.Build.0 = Debug|Any CPU
		{338835D7-5564-4FAD-A4BF-CE92677B4B63}.Release|Any CPU.ActiveCfg = Release|Any CPU
		{338835D7-5564-4FAD-A4BF-CE92677B4B63}.Release|Any CPU.Build.0 = Release|Any CPU
		{78FD9281-6DE0-462A-B3FE-9BCD08526839}.Debug|Any CPU.ActiveCfg = Debug|Any CPU
		{78FD9281-6DE0-462A-B3FE-9BCD08526839}.Debug|Any CPU.Build.0 = Debug|Any CPU
		{78FD9281-6DE0-462A-B3FE-9BCD08526839}.Release|Any CPU.ActiveCfg = Release|Any CPU
		{78FD9281-6DE0-462A-B3FE-9BCD08526839}.Release|Any CPU.Build.0 = Release|Any CPU
		{9A583300-F622-4FEC-AF24-170E1522C0B6}.Debug|Any CPU.ActiveCfg = Debug|Any CPU
		{9A583300-F622-4FEC-AF24-170E1522C0B6}.Debug|Any CPU.Build.0 = Debug|Any CPU
		{9A583300-F622-4FEC-AF24-170E1522C0B6}.Release|Any CPU.ActiveCfg = Release|Any CPU
		{9A583300-F622-4FEC-AF24-170E1522C0B6}.Release|Any CPU.Build.0 = Release|Any CPU
	EndGlobalSection
	GlobalSection(SolutionProperties) = preSolution
		HideSolutionNode = FALSE
	EndGlobalSection
	GlobalSection(ExtensibilityGlobals) = postSolution
		SolutionGuid = {DF1E958D-1126-4DE2-AA9D-C4CCB5AB9CDE}
	EndGlobalSection
EndGlobal
